
Microsoft Visual Studio Solution File, Format Version 12.00
# Visual Studio Version 17
VisualStudioVersion = 17.7.34003.232
MinimumVisualStudioVersion = 10.0.40219.1
Project("{9A19103F-16F7-4668-BE54-9A1E7A4F7556}") = "RetroLinker", "RetroLinker\RetroLinker.csproj", "{A472D081-AD70-414B-B973-01F7189EF9ED}"
	ProjectSection(ProjectDependencies) = postProject
		{761FA82D-DACA-4DDA-B4A9-1A0270108B3B} = {761FA82D-DACA-4DDA-B4A9-1A0270108B3B}
	EndProjectSection
EndProject
Project("{9A19103F-16F7-4668-BE54-9A1E7A4F7556}") = "RetroLinker.Desktop", "RetroLinker.Desktop\RetroLinker.Desktop.csproj", "{220BD4AF-3DF1-44EA-8226-8CE5DFAFB74D}"
EndProject
Project("{9A19103F-16F7-4668-BE54-9A1E7A4F7556}") = "RetroLinkerWin", "RetroLinkerWin\RetroLinkerWin.csproj", "{761FA82D-DACA-4DDA-B4A9-1A0270108B3B}"
EndProject
Project("{9A19103F-16F7-4668-BE54-9A1E7A4F7556}") = "ConsoleAppForTesting", "ConsoleForTesting\ConsoleAppForTesting.csproj", "{6DD498CE-BE4B-4552-B5A4-C9E60228C63C}"
EndProject
Project("{2150E333-8FDC-42A3-9474-1A3956D46DE8}") = "Solution Items", "Solution Items", "{7F8D5228-C10E-4399-8B05-EB9D323F2598}"
	ProjectSection(SolutionItems) = preProject
		docs\README.MD = docs\README.MD
	EndProjectSection
EndProject
Project("{FAE04EC0-301F-11D3-BF4B-00C04F79EFBC}") = "TestProjectAlpha", "TestProjectAlpha\TestProjectAlpha.csproj", "{42822D72-B332-42D1-AB12-738F52A5920A}"
EndProject
Global
	GlobalSection(SolutionConfigurationPlatforms) = preSolution
		Debug|Any CPU = Debug|Any CPU
		Debug|x64 = Debug|x64
		Release|Any CPU = Release|Any CPU
		Release|x64 = Release|x64
	EndGlobalSection
	GlobalSection(ProjectConfigurationPlatforms) = postSolution
		{A472D081-AD70-414B-B973-01F7189EF9ED}.Debug|Any CPU.ActiveCfg = Debug|Any CPU
		{A472D081-AD70-414B-B973-01F7189EF9ED}.Debug|Any CPU.Build.0 = Debug|Any CPU
		{A472D081-AD70-414B-B973-01F7189EF9ED}.Debug|x64.ActiveCfg = Debug|x64
		{A472D081-AD70-414B-B973-01F7189EF9ED}.Debug|x64.Build.0 = Debug|x64
		{A472D081-AD70-414B-B973-01F7189EF9ED}.Release|Any CPU.ActiveCfg = Release|Any CPU
		{A472D081-AD70-414B-B973-01F7189EF9ED}.Release|Any CPU.Build.0 = Release|Any CPU
		{A472D081-AD70-414B-B973-01F7189EF9ED}.Release|x64.ActiveCfg = Release|x64
		{A472D081-AD70-414B-B973-01F7189EF9ED}.Release|x64.Build.0 = Release|x64
		{220BD4AF-3DF1-44EA-8226-8CE5DFAFB74D}.Debug|Any CPU.ActiveCfg = Debug|Any CPU
		{220BD4AF-3DF1-44EA-8226-8CE5DFAFB74D}.Debug|Any CPU.Build.0 = Debug|Any CPU
		{220BD4AF-3DF1-44EA-8226-8CE5DFAFB74D}.Debug|x64.ActiveCfg = Debug|x64
		{220BD4AF-3DF1-44EA-8226-8CE5DFAFB74D}.Debug|x64.Build.0 = Debug|x64
		{220BD4AF-3DF1-44EA-8226-8CE5DFAFB74D}.Release|Any CPU.ActiveCfg = Release|Any CPU
		{220BD4AF-3DF1-44EA-8226-8CE5DFAFB74D}.Release|Any CPU.Build.0 = Release|Any CPU
		{220BD4AF-3DF1-44EA-8226-8CE5DFAFB74D}.Release|x64.ActiveCfg = Release|x64
		{220BD4AF-3DF1-44EA-8226-8CE5DFAFB74D}.Release|x64.Build.0 = Release|x64
		{761FA82D-DACA-4DDA-B4A9-1A0270108B3B}.Debug|Any CPU.ActiveCfg = Debug|Any CPU
		{761FA82D-DACA-4DDA-B4A9-1A0270108B3B}.Debug|Any CPU.Build.0 = Debug|Any CPU
		{761FA82D-DACA-4DDA-B4A9-1A0270108B3B}.Debug|x64.ActiveCfg = Debug|x64
		{761FA82D-DACA-4DDA-B4A9-1A0270108B3B}.Debug|x64.Build.0 = Debug|x64
		{761FA82D-DACA-4DDA-B4A9-1A0270108B3B}.Release|Any CPU.ActiveCfg = Release|Any CPU
		{761FA82D-DACA-4DDA-B4A9-1A0270108B3B}.Release|Any CPU.Build.0 = Release|Any CPU
		{761FA82D-DACA-4DDA-B4A9-1A0270108B3B}.Release|x64.ActiveCfg = Release|x64
		{761FA82D-DACA-4DDA-B4A9-1A0270108B3B}.Release|x64.Build.0 = Release|x64
		{6DD498CE-BE4B-4552-B5A4-C9E60228C63C}.Debug|Any CPU.ActiveCfg = Debug|Any CPU
		{6DD498CE-BE4B-4552-B5A4-C9E60228C63C}.Debug|Any CPU.Build.0 = Debug|Any CPU
		{6DD498CE-BE4B-4552-B5A4-C9E60228C63C}.Debug|x64.ActiveCfg = Debug|x64
		{6DD498CE-BE4B-4552-B5A4-C9E60228C63C}.Debug|x64.Build.0 = Debug|x64
		{6DD498CE-BE4B-4552-B5A4-C9E60228C63C}.Release|Any CPU.ActiveCfg = Release|Any CPU
		{6DD498CE-BE4B-4552-B5A4-C9E60228C63C}.Release|Any CPU.Build.0 = Release|Any CPU
		{6DD498CE-BE4B-4552-B5A4-C9E60228C63C}.Release|x64.ActiveCfg = Release|x64
		{6DD498CE-BE4B-4552-B5A4-C9E60228C63C}.Release|x64.Build.0 = Release|x64
		{42822D72-B332-42D1-AB12-738F52A5920A}.Debug|Any CPU.ActiveCfg = Debug|Any CPU
		{42822D72-B332-42D1-AB12-738F52A5920A}.Debug|Any CPU.Build.0 = Debug|Any CPU
		{42822D72-B332-42D1-AB12-738F52A5920A}.Debug|x64.ActiveCfg = Debug|Any CPU
		{42822D72-B332-42D1-AB12-738F52A5920A}.Debug|x64.Build.0 = Debug|Any CPU
		{42822D72-B332-42D1-AB12-738F52A5920A}.Release|Any CPU.ActiveCfg = Release|Any CPU
		{42822D72-B332-42D1-AB12-738F52A5920A}.Release|Any CPU.Build.0 = Release|Any CPU
		{42822D72-B332-42D1-AB12-738F52A5920A}.Release|x64.ActiveCfg = Release|Any CPU
		{42822D72-B332-42D1-AB12-738F52A5920A}.Release|x64.Build.0 = Release|Any CPU
	EndGlobalSection
	GlobalSection(SolutionProperties) = preSolution
		HideSolutionNode = FALSE
	EndGlobalSection
	GlobalSection(ExtensibilityGlobals) = postSolution
		SolutionGuid = {F07A44B1-D64E-4E77-9FF4-A27782CA57B5}
	EndGlobalSection
EndGlobal
